# Generated by move; do not edit
# This file should be checked in.

[move]
version = 4

[pinned.testnet.CetusClmm]
source = { git = "https://github.com/CetusProtocol/cetus-contracts.git", subdir = "packages/cetus_clmm", rev = "a31283dd9e29d2b367f76d670ba704a2501de364" }
use_environment = "testnet"
manifest_digest = "93896292F2C47A3E193F51E3152AC266543D9915C0D15E20E68F7152EFFF2761"
deps = { IntegerMate = "IntegerMate", MoveSTL = "MoveSTL", std = "MoveStdlib", sui = "Sui" }

[pinned.testnet.IntegerMate]
source = { git = "https://github.com/CetusProtocol/integer-mate.git", subdir = ".", rev = "09a12d9b171122883d9350039d4ed6e8400033b9" }
use_environment = "testnet"
manifest_digest = "5745706258F61D6CE210904B3E6AE87A73CE9D31A6F93BE4718C442529332A87"
deps = { std = "MoveStdlib", sui = "Sui" }

[pinned.testnet.LpBurn]
source = { local = "vendor/lp_burn" }
use_environment = "testnet"
manifest_digest = "09D6F7756F8CB7A725D2185C64B8AEDD751C6EDFBAA71A2BD8725CB679852D86"
deps = { CetusClmm = "CetusClmm", std = "MoveStdlib", sui = "Sui" }

[pinned.testnet.MoveSTL]
source = { git = "https://github.com/CetusProtocol/move-stl.git", subdir = ".", rev = "0681fec63a310ae753d03a06f7c05d3e2925bb09" }
use_environment = "testnet"
manifest_digest = "5745706258F61D6CE210904B3E6AE87A73CE9D31A6F93BE4718C442529332A87"
deps = { std = "MoveStdlib", sui = "Sui" }

[pinned.testnet.MoveStdlib]
source = { git = "https://github.com/MystenLabs/sui.git", subdir = "crates/sui-framework/packages/move-stdlib", rev = "b124567746b3a78a7e294ac2de265f693401ec9d" }
use_environment = "testnet"
manifest_digest = "C4FE4C91DE74CBF223B2E380AE40F592177D21870DC2D7EB6227D2D694E05363"
deps = {}

[pinned.testnet.Sui]
source = { git = "https://github.com/MystenLabs/sui.git", subdir = "crates/sui-framework/packages/sui-framework", rev = "b124567746b3a78a7e294ac2de265f693401ec9d" }
use_environment = "testnet"
manifest_digest = "7AFB66695545775FBFBB2D3078ADFD084244D5002392E837FDE21D9EA1C6D01C"
deps = { MoveStdlib = "MoveStdlib" }

[pinned.testnet.bondingcurvesui]
source = { root = true }
use_environment = "testnet"
manifest_digest = "2CBE59880D80FF26BA8BBB80853EF8610E06B36CE4E098EE560F4B146D68CD16"
deps = { CetusClmm = "CetusClmm", LpBurn = "LpBurn", std = "MoveStdlib", sui = "Sui" }
